
Microsoft Visual Studio Solution File, Format Version 12.00
# Visual Studio 15
VisualStudioVersion = 15.0.27428.2015
MinimumVisualStudioVersion = 10.0.40219.1
Project("{FAE04EC0-301F-11D3-BF4B-00C04F79EFBC}") = "RomanConverter", "RomanConverter\RomanConverter.csproj", "{F4D6A600-578C-49B0-9D09-541D0C099868}"
EndProject
Project("{FAE04EC0-301F-11D3-BF4B-00C04F79EFBC}") = "RomanConverterConsole", "RomanConverterConsole\RomanConverterConsole.csproj", "{9823981D-0203-4C0F-AD1E-B294F52ED8CD}"
EndProject
Project("{FAE04EC0-301F-11D3-BF4B-00C04F79EFBC}") = "RomanConverterTests", "RomanConverterTests\RomanConverterTests.csproj", "{CAF0939F-A369-4BA1-A856-6ED7B2771345}"
EndProject
Global
	GlobalSection(SolutionConfigurationPlatforms) = preSolution
		Debug|Any CPU = Debug|Any CPU
		Release|Any CPU = Release|Any CPU
	EndGlobalSection
	GlobalSection(ProjectConfigurationPlatforms) = postSolution
		{F4D6A600-578C-49B0-9D09-541D0C099868}.Debug|Any CPU.ActiveCfg = Debug|Any CPU
		{F4D6A600-578C-49B0-9D09-541D0C099868}.Debug|Any CPU.Build.0 = Debug|Any CPU
		{F4D6A600-578C-49B0-9D09-541D0C099868}.Release|Any CPU.ActiveCfg = Release|Any CPU
		{F4D6A600-578C-49B0-9D09-541D0C099868}.Release|Any CPU.Build.0 = Release|Any CPU
		{9823981D-0203-4C0F-AD1E-B294F52ED8CD}.Debug|Any CPU.ActiveCfg = Debug|Any CPU
		{9823981D-0203-4C0F-AD1E-B294F52ED8CD}.Debug|Any CPU.Build.0 = Debug|Any CPU
		{9823981D-0203-4C0F-AD1E-B294F52ED8CD}.Release|Any CPU.ActiveCfg = Release|Any CPU
		{9823981D-0203-4C0F-AD1E-B294F52ED8CD}.Release|Any CPU.Build.0 = Release|Any CPU
		{CAF0939F-A369-4BA1-A856-6ED7B2771345}.Debug|Any CPU.ActiveCfg = Debug|Any CPU
		{CAF0939F-A369-4BA1-A856-6ED7B2771345}.Debug|Any CPU.Build.0 = Debug|Any CPU
		{CAF0939F-A369-4BA1-A856-6ED7B2771345}.Release|Any CPU.ActiveCfg = Release|Any CPU
		{CAF0939F-A369-4BA1-A856-6ED7B2771345}.Release|Any CPU.Build.0 = Release|Any CPU
	EndGlobalSection
	GlobalSection(SolutionProperties) = preSolution
		HideSolutionNode = FALSE
	EndGlobalSection
	GlobalSection(ExtensibilityGlobals) = postSolution
		SolutionGuid = {893B17C4-657E-4593-A6ED-7D621DBBA10F}
	EndGlobalSection
EndGlobal
